PODS:
  - Dynatrace (8.181.1):
    - Dynatrace/framework (= 8.181.1)
  - Dynatrace/framework (8.181.1)
  - Flutter (1.0.0)
  - flutter_dynatrace (0.0.1):
    - Dynatrace
    - Flutter

DEPENDENCIES:
  - Flutter (from `Flutter`)
  - flutter_dynatrace (from `.symlinks/plugins/flutter_dynatrace/ios`)

SPEC REPOS:
  trunk:
    - Dynatrace

EXTERNAL SOURCES:
  Flutter:
    :path: Flutter
  flutter_dynatrace:
    :path: ".symlinks/plugins/flutter_dynatrace/ios"

SPEC CHECKSUMS:
  Dynatrace: a5ac0be5e507fd1b5d3695bf12682a7b5b808aad
  Flutter: 0e3d915762c693b495b44d77113d4970485de6ec
  flutter_dynatrace: 4ff6a0bc7ffc045db86f2a3f129e9bb16f68f3c3

PODFILE CHECKSUM: 1b66dae606f75376c5f2135a8290850eeb09ae83

COCOAPODS: 1.8.4
